
Microsoft Visual Studio Solution File, Format Version 12.00
# Visual Studio Version 17
VisualStudioVersion = 17.7.34024.191
MinimumVisualStudioVersion = 10.0.40219.1
Project("{FAE04EC0-301F-11D3-BF4B-00C04F79EFBC}") = "STIVE.WEB.API", "STIVE.WEB.API.csproj", "{BEE64C0F-BA4D-4224-B7C0-22368FE8ED8A}"
EndProject
Global
	GlobalSection(SolutionConfigurationPlatforms) = preSolution
		Debug|Any CPU = Debug|Any CPU
		Release|Any CPU = Release|Any CPU
	EndGlobalSection
	GlobalSection(ProjectConfigurationPlatforms) = postSolution
		{BEE64C0F-BA4D-4224-B7C0-22368FE8ED8A}.Debug|Any CPU.ActiveCfg = Debug|Any CPU
		{BEE64C0F-BA4D-4224-B7C0-22368FE8ED8A}.Debug|Any CPU.Build.0 = Debug|Any CPU
		{BEE64C0F-BA4D-4224-B7C0-22368FE8ED8A}.Release|Any CPU.ActiveCfg = Release|Any CPU
		{BEE64C0F-BA4D-4224-B7C0-22368FE8ED8A}.Release|Any CPU.Build.0 = Release|Any CPU
	EndGlobalSection
	GlobalSection(SolutionProperties) = preSolution
		HideSolutionNode = FALSE
	EndGlobalSection
	GlobalSection(ExtensibilityGlobals) = postSolution
		SolutionGuid = {B65D2137-E78B-4C96-A5D5-5585CE87ED38}
	EndGlobalSection
EndGlobal
